{
    "_readme": [
        "This file locks the dependencies of your project to a known state",
        "Read more about it at http://getcomposer.org/doc/01-basic-usage.md#composer-lock-the-lock-file"
    ],
    "hash": "3ad0cd8d5ab1d023e7b877eccc94cf40",
    "packages": [
        {
            "name": "php-console/php-console",
            "version": "3.1.4",
            "source": {
                "type": "git",
                "url": "https://github.com/barbushin/php-console.git",
                "reference": "b40e988dcd7686128a47010161ba13e32d5fdb45"
            },
            "dist": {
                "type": "zip",
                "url": "https://api.github.com/repos/barbushin/php-console/zipball/b40e988dcd7686128a47010161ba13e32d5fdb45",
                "reference": "b40e988dcd7686128a47010161ba13e32d5fdb45",
                "shasum": ""
            },
            "require": {
                "php": ">=5.3.0"
            },
            "suggest": {
                "php-console/laravel-service-provider": "*",
                "php-console/silex-service-provider": "*"
            },
            "type": "library",
            "extra": {
                "branch-alias": {
                    "dev-master": "3.x-dev"
                }
            },
            "autoload": {
                "psr-0": {
                    "PhpConsole": "src/"
                }
            },
            "notification-url": "https://packagist.org/downloads/",
            "license": [
                "BSD 3-Clause"
            ],
            "authors": [
                {
                    "name": "Sergey Barbushin",
                    "email": "barbushin@gmail.com",
                    "homepage": "http://linkedin.com/in/barbushin"
                }
            ],
            "description": "Server side PHP library for Google Chrome extension \"PHP Console\".",
            "homepage": "https://github.com/barbushin/php-console",
            "keywords": [
                "chrome",
                "debug",
                "error handler",
                "errors",
                "google chrome",
                "php"
            ],
            "time": "2015-06-30 07:52:47"
        },
        {
            "name": "smarty/smarty",
            "version": "v3.1.21",
            "source": {
                "type": "git",
                "url": "https://github.com/smarty-php/smarty.git",
                "reference": "1f878e6d746ecc8ec8d00d9c75044cf7d23ad94a"
            },
            "dist": {
                "type": "zip",
                "url": "https://api.github.com/repos/smarty-php/smarty/zipball/1f878e6d746ecc8ec8d00d9c75044cf7d23ad94a",
                "reference": "1f878e6d746ecc8ec8d00d9c75044cf7d23ad94a",
                "shasum": ""
            },
            "require": {
                "php": ">=5.2"
            },
            "type": "library",
            "extra": {
                "branch-alias": {
                    "dev-master": "3.1.x-dev"
                }
            },
            "autoload": {
                "classmap": [
                    "libs/Smarty.class.php",
                    "libs/SmartyBC.class.php",
                    "libs/sysplugins/smarty_security.php"
                ]
            },
            "notification-url": "https://packagist.org/downloads/",
            "license": [
                "LGPL-3.0"
            ],
            "authors": [
                {
                    "name": "Monte Ohrt",
                    "email": "monte@ohrt.com"
                },
                {
                    "name": "Uwe Tews",
                    "email": "uwe.tews@googlemail.com"
                },
                {
                    "name": "Rodney Rehm",
                    "email": "rodney.rehm@medialize.de"
                }
            ],
            "description": "Smarty - the compiling PHP template engine",
            "homepage": "http://www.smarty.net",
            "keywords": [
                "templating"
            ],
            "time": "2014-10-31 04:22:20"
        },
        {
            "name": "validator/livr",
            "version": "dev-master",
            "source": {
                "type": "git",
                "url": "https://github.com/WebbyLab/php-validator-livr.git",
                "reference": "218e9c87e44718084bdc0126657eb72a8c5da605"
            },
            "dist": {
                "type": "zip",
                "url": "https://api.github.com/repos/WebbyLab/php-validator-livr/zipball/218e9c87e44718084bdc0126657eb72a8c5da605",
                "reference": "218e9c87e44718084bdc0126657eb72a8c5da605",
                "shasum": ""
            },
            "require": {
                "php": ">=5.3.0"
            },
            "require-dev": {
                "phpunit/phpunit": "*"
            },
            "type": "library",
            "autoload": {
                "psr-0": {
                    "Validator": "lib/"
                }
            },
            "notification-url": "https://packagist.org/downloads/",
            "license": [
                "MIT"
            ],
            "authors": [
                {
                    "name": "Viktor Turskyi",
                    "email": "koorchik@gmail.com",
                    "homepage": "http://koorchik.blogspot.com/",
                    "role": "Author"
                },
                {
                    "name": "Anton Morozov",
                    "email": "anton@webbylab.com",
                    "homepage": "http://webbylab.com/",
                    "role": "Developer"
                },
                {
                    "name": "Konstantin Dvornik",
                    "role": "Developer"
                },
                {
                    "name": "Danil Greben",
                    "email": "greben.danil@gmail.com",
                    "homepage": "http://wanderer.in.ua",
                    "role": "Developer"
                }
            ],
            "description": "Lightweight PHP validator supporting Language Independent Validation Rules Specification (LIVR) ",
            "homepage": "https://github.com/WebbyLab/php-validator-livr",
            "keywords": [
                "livr",
                "validator"
            ],
            "time": "2015-09-22 21:48:25"
        }
    ],
    "packages-dev": [],
    "aliases": [],
    "minimum-stability": "stable",
    "stability-flags": {
        "validator/livr": 20
    },
    "platform": [],
    "platform-dev": []
}
